
Microsoft Visual Studio Solution File, Format Version 12.00
# Visual Studio Version 16
VisualStudioVersion = 16.0.31702.278
MinimumVisualStudioVersion = 10.0.40219.1
Project("{FAE04EC0-301F-11D3-BF4B-00C04F79EFBC}") = "TanksConsoleApp", "TanksConsoleApp\TanksConsoleApp.csproj", "{845265AF-46DD-4EA5-B611-17E9AAE92256}"
EndProject
Global
	GlobalSection(SolutionConfigurationPlatforms) = preSolution
		Debug|Any CPU = Debug|Any CPU
		Release|Any CPU = Release|Any CPU
	EndGlobalSection
	GlobalSection(ProjectConfigurationPlatforms) = postSolution
		{845265AF-46DD-4EA5-B611-17E9AAE92256}.Debug|Any CPU.ActiveCfg = Debug|Any CPU
		{845265AF-46DD-4EA5-B611-17E9AAE92256}.Debug|Any CPU.Build.0 = Debug|Any CPU
		{845265AF-46DD-4EA5-B611-17E9AAE92256}.Release|Any CPU.ActiveCfg = Release|Any CPU
		{845265AF-46DD-4EA5-B611-17E9AAE92256}.Release|Any CPU.Build.0 = Release|Any CPU
	EndGlobalSection
	GlobalSection(SolutionProperties) = preSolution
		HideSolutionNode = FALSE
	EndGlobalSection
	GlobalSection(ExtensibilityGlobals) = postSolution
		SolutionGuid = {BD186EFE-6239-4375-82D3-38C60CB1BA61}
	EndGlobalSection
EndGlobal
